
Microsoft Visual Studio Solution File, Format Version 12.00
# Visual Studio Version 16
VisualStudioVersion = 16.0.30717.126
MinimumVisualStudioVersion = 10.0.40219.1
Project("{9A19103F-16F7-4668-BE54-9A1E7A4F7556}") = "Akikawa_Practice", "Akikawa_Practice\Akikawa_Practice.csproj", "{DCB8DEE4-FD94-4406-A6B5-1B6E1D78B2EE}"
EndProject
Global
	GlobalSection(SolutionConfigurationPlatforms) = preSolution
		Debug|Any CPU = Debug|Any CPU
		Release|Any CPU = Release|Any CPU
	EndGlobalSection
	GlobalSection(ProjectConfigurationPlatforms) = postSolution
		{DCB8DEE4-FD94-4406-A6B5-1B6E1D78B2EE}.Debug|Any CPU.ActiveCfg = Debug|Any CPU
		{DCB8DEE4-FD94-4406-A6B5-1B6E1D78B2EE}.Debug|Any CPU.Build.0 = Debug|Any CPU
		{DCB8DEE4-FD94-4406-A6B5-1B6E1D78B2EE}.Release|Any CPU.ActiveCfg = Release|Any CPU
		{DCB8DEE4-FD94-4406-A6B5-1B6E1D78B2EE}.Release|Any CPU.Build.0 = Release|Any CPU
	EndGlobalSection
	GlobalSection(SolutionProperties) = preSolution
		HideSolutionNode = FALSE
	EndGlobalSection
	GlobalSection(ExtensibilityGlobals) = postSolution
		SolutionGuid = {EA47FA04-B345-4DA6-B884-431C79F8BFE4}
	EndGlobalSection
EndGlobal
